
Microsoft Visual Studio Solution File, Format Version 12.00
# Visual Studio Version 17
VisualStudioVersion = 17.10.34928.147
MinimumVisualStudioVersion = 10.0.40219.1
Project("{FAE04EC0-301F-11D3-BF4B-00C04F79EFBC}") = "local-ai-console", "local-ai-console\local-ai-console.csproj", "{AF14FDC9-D6E1-4F9A-9A36-C83F5E37CA48}"
EndProject
Global
	GlobalSection(SolutionConfigurationPlatforms) = preSolution
		Debug|Any CPU = Debug|Any CPU
		Release|Any CPU = Release|Any CPU
	EndGlobalSection
	GlobalSection(ProjectConfigurationPlatforms) = postSolution
		{AF14FDC9-D6E1-4F9A-9A36-C83F5E37CA48}.Debug|Any CPU.ActiveCfg = Debug|Any CPU
		{AF14FDC9-D6E1-4F9A-9A36-C83F5E37CA48}.Debug|Any CPU.Build.0 = Debug|Any CPU
		{AF14FDC9-D6E1-4F9A-9A36-C83F5E37CA48}.Release|Any CPU.ActiveCfg = Release|Any CPU
		{AF14FDC9-D6E1-4F9A-9A36-C83F5E37CA48}.Release|Any CPU.Build.0 = Release|Any CPU
	EndGlobalSection
	GlobalSection(SolutionProperties) = preSolution
		HideSolutionNode = FALSE
	EndGlobalSection
	GlobalSection(ExtensibilityGlobals) = postSolution
		SolutionGuid = {656BCF8A-C8B9-4031-B964-C62D5E7AFFD1}
	EndGlobalSection
EndGlobal
